
Microsoft Visual Studio Solution File, Format Version 12.00
# Visual Studio Version 16
VisualStudioVersion = 16.0.29025.244
MinimumVisualStudioVersion = 10.0.40219.1
Project("{9A19103F-16F7-4668-BE54-9A1E7A4F7556}") = "XERP.Web.Client", "XERP.Client.Web\XERP.Web.Client.csproj", "{B35D9098-759D-4821-B34D-C4589953E3D3}"
EndProject
Project("{9A19103F-16F7-4668-BE54-9A1E7A4F7556}") = "XERP.Core.WorkForce", "XERP.Core.WorkForce\XERP.Core.WorkForce.csproj", "{4004B2EA-C7C6-48B9-B6CA-E2556FDE5651}"
EndProject
Project("{2150E333-8FDC-42A3-9474-1A3956D46DE8}") = "Libraries", "Libraries", "{76E15AEA-B432-46A3-99CA-B2C5733F4C82}"
EndProject
Project("{2150E333-8FDC-42A3-9474-1A3956D46DE8}") = "Extensions", "Extensions", "{74FBD806-CD8D-463C-82CD-55C44453BDE0}"
EndProject
Project("{2150E333-8FDC-42A3-9474-1A3956D46DE8}") = "Presentation", "Presentation", "{8DC68143-3FCE-4CF0-9710-E0FCBB36DB45}"
EndProject
Project("{9A19103F-16F7-4668-BE54-9A1E7A4F7556}") = "XERP.DataModel", "XERP.DataModel\XERP.DataModel.csproj", "{4E0F7603-C5FA-43F7-8CC3-4C5A29AD3604}"
EndProject
Project("{9A19103F-16F7-4668-BE54-9A1E7A4F7556}") = "XERP.Core.CAS", "XERP.Core.CAS\XERP.Core.CAS.csproj", "{49CC2E1B-8C83-4AF0-A4F8-7CE1FE1A7C0E}"
EndProject
Project("{9A19103F-16F7-4668-BE54-9A1E7A4F7556}") = "XERP.Extension.WorkForce.Enterprise", "XERP.Extension.WorkForce.Enterprise\XERP.Extension.WorkForce.Enterprise.csproj", "{FC932B4F-DD2B-435B-815A-9766D259FF74}"
EndProject
Project("{9A19103F-16F7-4668-BE54-9A1E7A4F7556}") = "XERP.Core.API", "XERP.Core.API\XERP.Core.API.csproj", "{2EAC6CD8-90DA-4062-A1E3-F65F128B50F3}"
EndProject
Project("{9A19103F-16F7-4668-BE54-9A1E7A4F7556}") = "XERP.Core.Finance", "XERP.Core.Finance\XERP.Core.Finance.csproj", "{193CB302-D588-412E-82E5-0C9B280B8AA5}"
EndProject
Project("{9A19103F-16F7-4668-BE54-9A1E7A4F7556}") = "XERP.Web.Admin", "XERP.Web.Admin\XERP.Web.Admin.csproj", "{2D75E58F-0AD4-4FC2-BBAF-2C06F89A8A74}"
EndProject
Project("{2150E333-8FDC-42A3-9474-1A3956D46DE8}") = "Tests", "Tests", "{EA3F75F8-A606-47FA-9857-C0CE41DDC900}"
EndProject
Project("{9A19103F-16F7-4668-BE54-9A1E7A4F7556}") = "XERP.Web.ClientApp", "XERP.Web.ClientApp\XERP.Web.ClientApp.csproj", "{3889987E-F175-4E15-97C2-872BD44F4893}"
EndProject
Project("{2150E333-8FDC-42A3-9474-1A3956D46DE8}") = "Docs", "Docs", "{70F88DF0-A2B4-41CD-AB47-CB4B5D53C81F}"
EndProject
Project("{2150E333-8FDC-42A3-9474-1A3956D46DE8}") = "Source", "Source", "{BE436D46-1CB2-4DCA-9BCD-742760A7CD32}"
EndProject
Project("{2150E333-8FDC-42A3-9474-1A3956D46DE8}") = "Common", "Common", "{AF3B242C-B09F-4D93-8CC6-44797689F6D6}"
EndProject
Project("{2150E333-8FDC-42A3-9474-1A3956D46DE8}") = "Core", "Core", "{AE2B54FD-3218-4D64-8A19-C1DEF0ABCF38}"
EndProject
Project("{2150E333-8FDC-42A3-9474-1A3956D46DE8}") = "Infrastructure", "Infrastructure", "{FABEE661-3CCB-4D66-86A9-3BCD5BECBE46}"
EndProject
Project("{2150E333-8FDC-42A3-9474-1A3956D46DE8}") = "Presentation", "Presentation", "{257B694E-42E1-4E96-B753-FA95B22BB2D5}"
EndProject
Project("{FAE04EC0-301F-11D3-BF4B-00C04F79EFBC}") = "XERP.Domain", "XERP.Domain\XERP.Domain.csproj", "{BAA32D26-F659-4714-8C4C-0B652082C746}"
EndProject
Global
	GlobalSection(SolutionConfigurationPlatforms) = preSolution
		Debug|Any CPU = Debug|Any CPU
		Release|Any CPU = Release|Any CPU
	EndGlobalSection
	GlobalSection(ProjectConfigurationPlatforms) = postSolution
		{B35D9098-759D-4821-B34D-C4589953E3D3}.Debug|Any CPU.ActiveCfg = Debug|Any CPU
		{B35D9098-759D-4821-B34D-C4589953E3D3}.Debug|Any CPU.Build.0 = Debug|Any CPU
		{B35D9098-759D-4821-B34D-C4589953E3D3}.Release|Any CPU.ActiveCfg = Release|Any CPU
		{B35D9098-759D-4821-B34D-C4589953E3D3}.Release|Any CPU.Build.0 = Release|Any CPU
		{4004B2EA-C7C6-48B9-B6CA-E2556FDE5651}.Debug|Any CPU.ActiveCfg = Debug|Any CPU
		{4004B2EA-C7C6-48B9-B6CA-E2556FDE5651}.Debug|Any CPU.Build.0 = Debug|Any CPU
		{4004B2EA-C7C6-48B9-B6CA-E2556FDE5651}.Release|Any CPU.ActiveCfg = Release|Any CPU
		{4004B2EA-C7C6-48B9-B6CA-E2556FDE5651}.Release|Any CPU.Build.0 = Release|Any CPU
		{4E0F7603-C5FA-43F7-8CC3-4C5A29AD3604}.Debug|Any CPU.ActiveCfg = Debug|Any CPU
		{4E0F7603-C5FA-43F7-8CC3-4C5A29AD3604}.Debug|Any CPU.Build.0 = Debug|Any CPU
		{4E0F7603-C5FA-43F7-8CC3-4C5A29AD3604}.Release|Any CPU.ActiveCfg = Release|Any CPU
		{4E0F7603-C5FA-43F7-8CC3-4C5A29AD3604}.Release|Any CPU.Build.0 = Release|Any CPU
		{49CC2E1B-8C83-4AF0-A4F8-7CE1FE1A7C0E}.Debug|Any CPU.ActiveCfg = Debug|Any CPU
		{49CC2E1B-8C83-4AF0-A4F8-7CE1FE1A7C0E}.Debug|Any CPU.Build.0 = Debug|Any CPU
		{49CC2E1B-8C83-4AF0-A4F8-7CE1FE1A7C0E}.Release|Any CPU.ActiveCfg = Release|Any CPU
		{49CC2E1B-8C83-4AF0-A4F8-7CE1FE1A7C0E}.Release|Any CPU.Build.0 = Release|Any CPU
		{FC932B4F-DD2B-435B-815A-9766D259FF74}.Debug|Any CPU.ActiveCfg = Debug|Any CPU
		{FC932B4F-DD2B-435B-815A-9766D259FF74}.Debug|Any CPU.Build.0 = Debug|Any CPU
		{FC932B4F-DD2B-435B-815A-9766D259FF74}.Release|Any CPU.ActiveCfg = Release|Any CPU
		{FC932B4F-DD2B-435B-815A-9766D259FF74}.Release|Any CPU.Build.0 = Release|Any CPU
		{2EAC6CD8-90DA-4062-A1E3-F65F128B50F3}.Debug|Any CPU.ActiveCfg = Debug|Any CPU
		{2EAC6CD8-90DA-4062-A1E3-F65F128B50F3}.Debug|Any CPU.Build.0 = Debug|Any CPU
		{2EAC6CD8-90DA-4062-A1E3-F65F128B50F3}.Release|Any CPU.ActiveCfg = Release|Any CPU
		{2EAC6CD8-90DA-4062-A1E3-F65F128B50F3}.Release|Any CPU.Build.0 = Release|Any CPU
		{193CB302-D588-412E-82E5-0C9B280B8AA5}.Debug|Any CPU.ActiveCfg = Debug|Any CPU
		{193CB302-D588-412E-82E5-0C9B280B8AA5}.Debug|Any CPU.Build.0 = Debug|Any CPU
		{193CB302-D588-412E-82E5-0C9B280B8AA5}.Release|Any CPU.ActiveCfg = Release|Any CPU
		{193CB302-D588-412E-82E5-0C9B280B8AA5}.Release|Any CPU.Build.0 = Release|Any CPU
		{2D75E58F-0AD4-4FC2-BBAF-2C06F89A8A74}.Debug|Any CPU.ActiveCfg = Debug|Any CPU
		{2D75E58F-0AD4-4FC2-BBAF-2C06F89A8A74}.Debug|Any CPU.Build.0 = Debug|Any CPU
		{2D75E58F-0AD4-4FC2-BBAF-2C06F89A8A74}.Release|Any CPU.ActiveCfg = Release|Any CPU
		{2D75E58F-0AD4-4FC2-BBAF-2C06F89A8A74}.Release|Any CPU.Build.0 = Release|Any CPU
		{3889987E-F175-4E15-97C2-872BD44F4893}.Debug|Any CPU.ActiveCfg = Debug|Any CPU
		{3889987E-F175-4E15-97C2-872BD44F4893}.Debug|Any CPU.Build.0 = Debug|Any CPU
		{3889987E-F175-4E15-97C2-872BD44F4893}.Release|Any CPU.ActiveCfg = Release|Any CPU
		{3889987E-F175-4E15-97C2-872BD44F4893}.Release|Any CPU.Build.0 = Release|Any CPU
		{BAA32D26-F659-4714-8C4C-0B652082C746}.Debug|Any CPU.ActiveCfg = Debug|Any CPU
		{BAA32D26-F659-4714-8C4C-0B652082C746}.Debug|Any CPU.Build.0 = Debug|Any CPU
		{BAA32D26-F659-4714-8C4C-0B652082C746}.Release|Any CPU.ActiveCfg = Release|Any CPU
		{BAA32D26-F659-4714-8C4C-0B652082C746}.Release|Any CPU.Build.0 = Release|Any CPU
	EndGlobalSection
	GlobalSection(SolutionProperties) = preSolution
		HideSolutionNode = FALSE
	EndGlobalSection
	GlobalSection(NestedProjects) = preSolution
		{B35D9098-759D-4821-B34D-C4589953E3D3} = {8DC68143-3FCE-4CF0-9710-E0FCBB36DB45}
		{4004B2EA-C7C6-48B9-B6CA-E2556FDE5651} = {76E15AEA-B432-46A3-99CA-B2C5733F4C82}
		{4E0F7603-C5FA-43F7-8CC3-4C5A29AD3604} = {76E15AEA-B432-46A3-99CA-B2C5733F4C82}
		{49CC2E1B-8C83-4AF0-A4F8-7CE1FE1A7C0E} = {76E15AEA-B432-46A3-99CA-B2C5733F4C82}
		{FC932B4F-DD2B-435B-815A-9766D259FF74} = {74FBD806-CD8D-463C-82CD-55C44453BDE0}
		{2EAC6CD8-90DA-4062-A1E3-F65F128B50F3} = {76E15AEA-B432-46A3-99CA-B2C5733F4C82}
		{193CB302-D588-412E-82E5-0C9B280B8AA5} = {76E15AEA-B432-46A3-99CA-B2C5733F4C82}
		{2D75E58F-0AD4-4FC2-BBAF-2C06F89A8A74} = {8DC68143-3FCE-4CF0-9710-E0FCBB36DB45}
		{3889987E-F175-4E15-97C2-872BD44F4893} = {8DC68143-3FCE-4CF0-9710-E0FCBB36DB45}
		{AF3B242C-B09F-4D93-8CC6-44797689F6D6} = {BE436D46-1CB2-4DCA-9BCD-742760A7CD32}
		{AE2B54FD-3218-4D64-8A19-C1DEF0ABCF38} = {BE436D46-1CB2-4DCA-9BCD-742760A7CD32}
		{FABEE661-3CCB-4D66-86A9-3BCD5BECBE46} = {BE436D46-1CB2-4DCA-9BCD-742760A7CD32}
		{257B694E-42E1-4E96-B753-FA95B22BB2D5} = {BE436D46-1CB2-4DCA-9BCD-742760A7CD32}
		{BAA32D26-F659-4714-8C4C-0B652082C746} = {AE2B54FD-3218-4D64-8A19-C1DEF0ABCF38}
	EndGlobalSection
	GlobalSection(ExtensibilityGlobals) = postSolution
		SolutionGuid = {D969C305-8373-4159-B0A7-9B70205C120C}
	EndGlobalSection
EndGlobal
