
Microsoft Visual Studio Solution File, Format Version 12.00
# Visual Studio Version 16
VisualStudioVersion = 16.0.29025.244
MinimumVisualStudioVersion = 10.0.40219.1
Project("{FAE04EC0-301F-11D3-BF4B-00C04F79EFBC}") = "XERP.Client.Web", "XERP.Client.Web\XERP.Client.Web.csproj", "{B35D9098-759D-4821-B34D-C4589953E3D3}"
EndProject
Global
	GlobalSection(SolutionConfigurationPlatforms) = preSolution
		Debug|Any CPU = Debug|Any CPU
		Release|Any CPU = Release|Any CPU
	EndGlobalSection
	GlobalSection(ProjectConfigurationPlatforms) = postSolution
		{B35D9098-759D-4821-B34D-C4589953E3D3}.Debug|Any CPU.ActiveCfg = Debug|Any CPU
		{B35D9098-759D-4821-B34D-C4589953E3D3}.Debug|Any CPU.Build.0 = Debug|Any CPU
		{B35D9098-759D-4821-B34D-C4589953E3D3}.Release|Any CPU.ActiveCfg = Release|Any CPU
		{B35D9098-759D-4821-B34D-C4589953E3D3}.Release|Any CPU.Build.0 = Release|Any CPU
	EndGlobalSection
	GlobalSection(SolutionProperties) = preSolution
		HideSolutionNode = FALSE
	EndGlobalSection
	GlobalSection(ExtensibilityGlobals) = postSolution
		SolutionGuid = {D969C305-8373-4159-B0A7-9B70205C120C}
	EndGlobalSection
EndGlobal
